<?xml version="1.0" encoding="utf-8"?>
<Project ToolsVersion="4.0" xmlns="http://schemas.microsoft.com/developer/msbuild/2003">
  <ItemGroup>
    <Filter Include="源文件">
      <UniqueIdentifier>{4FC737F1-C7A5-4376-A066-2A32D752A2FF}</UniqueIdentifier>
      <Extensions>cpp;c;cc;cxx;def;odl;idl;hpj;bat;asm;asmx</Extensions>
    </Filter>
    <Filter Include="头文件">
      <UniqueIdentifier>{93995380-89BD-4b04-88EB-625FBE52EBFB}</UniqueIdentifier>
      <Extensions>h;hpp;hxx;hm;inl;inc;xsd</Extensions>
    </Filter>
    <Filter Include="资源文件">
      <UniqueIdentifier>{67DA6AB6-F800-4c08-8B7A-83BB121AAD01}</UniqueIdentifier>
      <Extensions>rc;ico;cur;bmp;dlg;rc2;rct;bin;rgs;gif;jpg;jpeg;jpe;resx;tiff;tif;png;wav;mfcribbon-ms</Extensions>
    </Filter>
    <Filter Include="role">
      <UniqueIdentifier>{df69035c-7aa7-424e-ac9a-1505fc87b4b8}</UniqueIdentifier>
    </Filter>
  </ItemGroup>
  <ItemGroup>
    <None Include="ReadMe.txt" />
    <None Include="DiceServerConfig.xml">
      <Filter>资源文件</Filter>
    </None>
  </ItemGroup>
  <ItemGroup>
    <ClInclude Include="stdafx.h">
      <Filter>头文件</Filter>
    </ClInclude>
    <ClInclude Include="targetver.h">
      <Filter>头文件</Filter>
    </ClInclude>
    <ClInclude Include="UserSessionManager.h">
      <Filter>头文件</Filter>
    </ClInclude>
    <ClInclude Include="DiceGameServer.h">
      <Filter>头文件</Filter>
    </ClInclude>
    <ClInclude Include="UserTask.h">
      <Filter>头文件</Filter>
    </ClInclude>
    <ClInclude Include="Game.h">
      <Filter>头文件</Filter>
    </ClInclude>
    <ClInclude Include="GameManager.h">
      <Filter>头文件</Filter>
    </ClInclude>
    <ClInclude Include="PlayerContext.h">
      <Filter>头文件</Filter>
    </ClInclude>
    <ClInclude Include="CardEntity.h">
      <Filter>头文件</Filter>
    </ClInclude>
    <ClInclude Include="GameGrailCommon.h">
      <Filter>头文件</Filter>
    </ClInclude>
    <ClInclude Include="GameGrail.h">
      <Filter>头文件</Filter>
    </ClInclude>
    <ClInclude Include="GameGrailPlayerContext.h">
      <Filter>头文件</Filter>
    </ClInclude>
    <ClInclude Include="PlayerEntity.h">
      <Filter>头文件</Filter>
    </ClInclude>
    <ClInclude Include="GrailState.h">
      <Filter>头文件</Filter>
    </ClInclude>
    <ClInclude Include="codec.h">
      <Filter>头文件</Filter>
    </ClInclude>
    <ClInclude Include="role\JianSheng.h">
      <Filter>role</Filter>
    </ClInclude>
    <ClInclude Include="role\AnSha.h">
      <Filter>role</Filter>
    </ClInclude>
    <ClInclude Include="role\FengYin.h">
      <Filter>role</Filter>
    </ClInclude>
    <ClInclude Include="role\KuangZhan.h">
      <Filter>role</Filter>
    </ClInclude>
    <ClInclude Include="Communication.h">
      <Filter>头文件</Filter>
    </ClInclude>
    <ClInclude Include="GMCommand.h">
      <Filter>头文件</Filter>
    </ClInclude>
    <ClInclude Include="role\ShengNv.h">
      <Filter>role</Filter>
    </ClInclude>
    <ClInclude Include="role\MoDao.h">
      <Filter>role</Filter>
    </ClInclude>
    <ClInclude Include="role\YuanSu.h">
      <Filter>role</Filter>
    </ClInclude>
  </ItemGroup>
  <ItemGroup>
    <ClCompile Include="stdafx.cpp">
      <Filter>源文件</Filter>
    </ClCompile>
    <ClCompile Include="DiceGameServer.cpp">
      <Filter>源文件</Filter>
    </ClCompile>
    <ClCompile Include="UserSessionManager.cpp">
      <Filter>源文件</Filter>
    </ClCompile>
    <ClCompile Include="main.cpp">
      <Filter>源文件</Filter>
    </ClCompile>
    <ClCompile Include="prebuild.cpp">
      <Filter>源文件</Filter>
    </ClCompile>
    <ClCompile Include="UserTask.cpp">
      <Filter>源文件</Filter>
    </ClCompile>
    <ClCompile Include="Game.cpp">
      <Filter>源文件</Filter>
    </ClCompile>
    <ClCompile Include="GameManager.cpp">
      <Filter>源文件</Filter>
    </ClCompile>
    <ClCompile Include="PlayerContext.cpp">
      <Filter>源文件</Filter>
    </ClCompile>
    <ClCompile Include="CardEntity.cpp">
      <Filter>源文件</Filter>
    </ClCompile>
    <ClCompile Include="GameGrail.cpp">
      <Filter>源文件</Filter>
    </ClCompile>
    <ClCompile Include="PlayerEntity.cpp">
      <Filter>源文件</Filter>
    </ClCompile>
    <ClCompile Include="GameGrailCommon.cpp">
      <Filter>源文件</Filter>
    </ClCompile>
    <ClCompile Include="GrailState.cpp">
      <Filter>源文件</Filter>
    </ClCompile>
    <ClCompile Include="codec.cpp">
      <Filter>源文件</Filter>
    </ClCompile>
    <ClCompile Include="role\JianSheng.cpp">
      <Filter>role</Filter>
    </ClCompile>
    <ClCompile Include="role\AnSha.cpp">
      <Filter>role</Filter>
    </ClCompile>
    <ClCompile Include="role\FengYin.cpp">
      <Filter>role</Filter>
    </ClCompile>
    <ClCompile Include="role\KuangZhan.cpp">
      <Filter>role</Filter>
    </ClCompile>
    <ClCompile Include="Communication.cpp">
      <Filter>源文件</Filter>
    </ClCompile>
    <ClCompile Include="GMCommand.cpp">
      <Filter>源文件</Filter>
    </ClCompile>
    <ClCompile Include="role\ShengNv.cpp">
      <Filter>role</Filter>
    </ClCompile>
    <ClCompile Include="role\MoDao.cpp">
      <Filter>role</Filter>
    </ClCompile>
    <ClCompile Include="role\YuanSu.cpp">
      <Filter>role</Filter>
    </ClCompile>
  </ItemGroup>
</Project>