<?xml version="1.0" encoding="utf-8"?>
<Project ToolsVersion="4.0" xmlns="http://schemas.microsoft.com/developer/msbuild/2003">
  <ItemGroup>
    <Filter Include="头文件">
      <UniqueIdentifier>{93995380-89BD-4b04-88EB-625FBE52EBFB}</UniqueIdentifier>
      <Extensions>h;hpp;hxx;hm;inl;inc;xsd</Extensions>
    </Filter>
    <Filter Include="资源文件">
      <UniqueIdentifier>{67DA6AB6-F800-4c08-8B7A-83BB121AAD01}</UniqueIdentifier>
      <Extensions>rc;ico;cur;bmp;dlg;rc2;rct;bin;rgs;gif;jpg;jpeg;jpe;resx;tiff;tif;png;wav;mfcribbon-ms</Extensions>
    </Filter>
    <Filter Include="role">
      <UniqueIdentifier>{df69035c-7aa7-424e-ac9a-1505fc87b4b8}</UniqueIdentifier>
    </Filter>
    <Filter Include="源文件">
      <UniqueIdentifier>{4FC737F1-C7A5-4376-A066-2A32D752A2FF}</UniqueIdentifier>
      <Extensions>cpp;c;cc;cxx;def;odl;idl;hpj;bat;asm;asmx</Extensions>
    </Filter>
  </ItemGroup>
  <ItemGroup>
    <None Include="ReadMe.txt" />
    <None Include="DiceServerConfig.xml">
      <Filter>资源文件</Filter>
    </None>
  </ItemGroup>
  <ItemGroup>
    <ClInclude Include="stdafx.h">
      <Filter>头文件</Filter>
    </ClInclude>
    <ClInclude Include="targetver.h">
      <Filter>头文件</Filter>
    </ClInclude>
    <ClInclude Include="UserSessionManager.h">
      <Filter>头文件</Filter>
    </ClInclude>
    <ClInclude Include="DiceGameServer.h">
      <Filter>头文件</Filter>
    </ClInclude>
    <ClInclude Include="UserTask.h">
      <Filter>头文件</Filter>
    </ClInclude>
    <ClInclude Include="Game.h">
      <Filter>头文件</Filter>
    </ClInclude>
    <ClInclude Include="GameManager.h">
      <Filter>头文件</Filter>
    </ClInclude>
    <ClInclude Include="PlayerContext.h">
      <Filter>头文件</Filter>
    </ClInclude>
    <ClInclude Include="CardEntity.h">
      <Filter>头文件</Filter>
    </ClInclude>
    <ClInclude Include="GameGrailCommon.h">
      <Filter>头文件</Filter>
    </ClInclude>
    <ClInclude Include="GameGrail.h">
      <Filter>头文件</Filter>
    </ClInclude>
    <ClInclude Include="GameGrailPlayerContext.h">
      <Filter>头文件</Filter>
    </ClInclude>
    <ClInclude Include="PlayerEntity.h">
      <Filter>头文件</Filter>
    </ClInclude>
    <ClInclude Include="GrailState.h">
      <Filter>头文件</Filter>
    </ClInclude>
    <ClInclude Include="codec.h">
      <Filter>头文件</Filter>
    </ClInclude>
    <ClInclude Include="role\JianSheng.h">
      <Filter>role</Filter>
    </ClInclude>
    <ClInclude Include="role\AnSha.h">
      <Filter>role</Filter>
    </ClInclude>
    <ClInclude Include="role\FengYin.h">
      <Filter>role</Filter>
    </ClInclude>
    <ClInclude Include="role\KuangZhan.h">
      <Filter>role</Filter>
    </ClInclude>
    <ClInclude Include="Communication.h">
      <Filter>头文件</Filter>
    </ClInclude>
    <ClInclude Include="GMCommand.h">
      <Filter>头文件</Filter>
    </ClInclude>
    <ClInclude Include="role\YuanSu.h">
      <Filter>role</Filter>
    </ClInclude>
    <ClInclude Include="role\MoDao.h">
      <Filter>role</Filter>
    </ClInclude>
    <ClInclude Include="role\ShengNv.h">
      <Filter>role</Filter>
    </ClInclude>
    <ClInclude Include="role\SiLing.h">
      <Filter>role</Filter>
    </ClInclude>
    <ClInclude Include="role\ShengQiang.h">
      <Filter>role</Filter>
    </ClInclude>
    <ClInclude Include="role\MaoXian.h">
      <Filter>role</Filter>
    </ClInclude>
    <ClInclude Include="role\ShenGuan.h">
      <Filter>role</Filter>
    </ClInclude>
    <ClInclude Include="role\TianShi.h">
      <Filter>role</Filter>
    </ClInclude>
    <ClInclude Include="role\ZhongCai.h">
      <Filter>role</Filter>
    </ClInclude>
    <ClInclude Include="role\XianZhe.h">
      <Filter>role</Filter>
    </ClInclude>
    <ClInclude Include="role\MoJian.h">
      <Filter>role</Filter>
    </ClInclude>
    <ClInclude Include="role\WuNv.h">
      <Filter>role</Filter>
    </ClInclude>
    <ClInclude Include="role\LingFu.h">
      <Filter>role</Filter>
    </ClInclude>
    <ClInclude Include="role\DieWu.h">
      <Filter>role</Filter>
    </ClInclude>
    <ClInclude Include="role\HongLian.h">
      <Filter>role</Filter>
    </ClInclude>
    <ClInclude Include="role\JianDi.h">
      <Filter>role</Filter>
    </ClInclude>
    <ClInclude Include="role\MoGong.h">
      <Filter>role</Filter>
    </ClInclude>
    <ClInclude Include="role\MoQiang.h">
      <Filter>role</Filter>
    </ClInclude>
    <ClInclude Include="role\GongNv.h">
      <Filter>role</Filter>
    </ClInclude>
    <ClInclude Include="role\GeDou.h">
      <Filter>role</Filter>
    </ClInclude>
    <ClInclude Include="role\LingHun.h">
      <Filter>role</Filter>
    </ClInclude>
    <ClInclude Include="role\QiDao.h">
      <Filter>role</Filter>
    </ClInclude>
    <ClInclude Include="role\YongZhe.h">
      <Filter>role</Filter>
    </ClInclude>
    <ClInclude Include="role\NvWuShen.h">
      <Filter>role</Filter>
    </ClInclude>
    <ClInclude Include="role\YingLingRenXing.h">
      <Filter>role</Filter>
    </ClInclude>
    <ClInclude Include="role\MoNv.h">
      <Filter>role</Filter>
    </ClInclude>
    <ClInclude Include="role\YingLingRenXing.h">
      <Filter>role</Filter>
    </ClInclude>
    <ClInclude Include="role\ShiRen.h">
      <Filter>role</Filter>
    </ClInclude>
  </ItemGroup>
  <ItemGroup>
    <ClCompile Include="stdafx.cpp">
      <Filter>源文件</Filter>
    </ClCompile>
    <ClCompile Include="DiceGameServer.cpp">
      <Filter>源文件</Filter>
    </ClCompile>
    <ClCompile Include="UserSessionManager.cpp">
      <Filter>源文件</Filter>
    </ClCompile>
    <ClCompile Include="main.cpp">
      <Filter>源文件</Filter>
    </ClCompile>
    <ClCompile Include="prebuild.cpp">
      <Filter>源文件</Filter>
    </ClCompile>
    <ClCompile Include="UserTask.cpp">
      <Filter>源文件</Filter>
    </ClCompile>
    <ClCompile Include="Game.cpp">
      <Filter>源文件</Filter>
    </ClCompile>
    <ClCompile Include="GameManager.cpp">
      <Filter>源文件</Filter>
    </ClCompile>
    <ClCompile Include="PlayerContext.cpp">
      <Filter>源文件</Filter>
    </ClCompile>
    <ClCompile Include="CardEntity.cpp">
      <Filter>源文件</Filter>
    </ClCompile>
    <ClCompile Include="GameGrail.cpp">
      <Filter>源文件</Filter>
    </ClCompile>
    <ClCompile Include="PlayerEntity.cpp">
      <Filter>源文件</Filter>
    </ClCompile>
    <ClCompile Include="GameGrailCommon.cpp">
      <Filter>源文件</Filter>
    </ClCompile>
    <ClCompile Include="GrailState.cpp">
      <Filter>源文件</Filter>
    </ClCompile>
    <ClCompile Include="codec.cpp">
      <Filter>源文件</Filter>
    </ClCompile>
    <ClCompile Include="role\JianSheng.cpp">
      <Filter>role</Filter>
    </ClCompile>
    <ClCompile Include="role\AnSha.cpp">
      <Filter>role</Filter>
    </ClCompile>
    <ClCompile Include="role\FengYin.cpp">
      <Filter>role</Filter>
    </ClCompile>
    <ClCompile Include="role\KuangZhan.cpp">
      <Filter>role</Filter>
    </ClCompile>
    <ClCompile Include="Communication.cpp">
      <Filter>源文件</Filter>
    </ClCompile>
    <ClCompile Include="GMCommand.cpp">
      <Filter>源文件</Filter>
    </ClCompile>
    <ClCompile Include="role\YuanSu.cpp">
      <Filter>role</Filter>
    </ClCompile>
    <ClCompile Include="role\MoDao.cpp">
      <Filter>role</Filter>
    </ClCompile>
    <ClCompile Include="role\SiLing.cpp">
      <Filter>role</Filter>
    </ClCompile>
    <ClCompile Include="role\ShengNv.cpp">
      <Filter>role</Filter>
    </ClCompile>
    <ClCompile Include="role\ShengQiang.cpp">
      <Filter>role</Filter>
    </ClCompile>
    <ClCompile Include="role\MaoXian.cpp">
      <Filter>role</Filter>
    </ClCompile>
    <ClCompile Include="role\ShenGuan.cpp">
      <Filter>role</Filter>
    </ClCompile>
    <ClCompile Include="role\TianShi.cpp">
      <Filter>role</Filter>
    </ClCompile>
    <ClCompile Include="role\ZhongCai.cpp">
      <Filter>role</Filter>
    </ClCompile>
    <ClCompile Include="role\XianZhe.cpp">
      <Filter>role</Filter>
    </ClCompile>
    <ClCompile Include="role\MoJian.cpp">
      <Filter>role</Filter>
    </ClCompile>
    <ClCompile Include="role\WuNv.cpp">
      <Filter>role</Filter>
    </ClCompile>
    <ClCompile Include="role\LingFu.cpp">
      <Filter>role</Filter>
    </ClCompile>
    <ClCompile Include="role\DieWu.cpp">
      <Filter>role</Filter>
    </ClCompile>
    <ClCompile Include="role\HongLian.cpp">
      <Filter>role</Filter>
    </ClCompile>
    <ClCompile Include="role\JianDi.cpp">
      <Filter>role</Filter>
    </ClCompile>
    <ClCompile Include="role\MoGong.cpp">
      <Filter>role</Filter>
    </ClCompile>
    <ClCompile Include="role\MoQiang.cpp">
      <Filter>role</Filter>
    </ClCompile>
    <ClCompile Include="role\GongNv.cpp">
      <Filter>role</Filter>
    </ClCompile>
    <ClCompile Include="role\GeDou.cpp">
      <Filter>role</Filter>
    </ClCompile>
    <ClCompile Include="role\LingHun.cpp">
      <Filter>role</Filter>
    </ClCompile>
    <ClCompile Include="role\QiDao.cpp">
      <Filter>role</Filter>
    </ClCompile>
    <ClCompile Include="role\YongZhe.cpp">
      <Filter>role</Filter>
    </ClCompile>
    <ClCompile Include="role\NvWuShen.cpp">
      <Filter>role</Filter>
    </ClCompile>
    <ClCompile Include="role\YingLingRenXing.cpp">
      <Filter>role</Filter>
    </ClCompile>
    <ClCompile Include="role\MoNv.cpp">
      <Filter>role</Filter>
    </ClCompile>
    <ClCompile Include="role\YingLingRenXing.cpp">
      <Filter>role</Filter>
    </ClCompile>
    <ClCompile Include="role\ShiRen.cpp">
      <Filter>role</Filter>
    </ClCompile>
  </ItemGroup>
</Project>